// !$*UTF8*$!
{
	archiveVersion = 1;
	classes = {
	};
	objectVersion = 50;
	objects = {

/* Begin PBXBuildFile section */
		4C6164C1248FD95C00F31CC0 /* AppDelegate.swift in Sources */ = {isa = PBXBuildFile; fileRef = 4C6164C0248FD95C00F31CC0 /* AppDelegate.swift */; };
		4C6164C3248FD95C00F31CC0 /* SceneDelegate.swift in Sources */ = {isa = PBXBuildFile; fileRef = 4C6164C2248FD95C00F31CC0 /* SceneDelegate.swift */; };
		4C6164C5248FD95C00F31CC0 /* ViewController.swift in Sources */ = {isa = PBXBuildFile; fileRef = 4C6164C4248FD95C00F31CC0 /* ViewController.swift */; };
		4C6164C8248FD95C00F31CC0 /* Main.storyboard in Resources */ = {isa = PBXBuildFile; fileRef = 4C6164C6248FD95C00F31CC0 /* Main.storyboard */; };
		4C6164CA248FD95D00F31CC0 /* Assets.xcassets in Resources */ = {isa = PBXBuildFile; fileRef = 4C6164C9248FD95D00F31CC0 /* Assets.xcassets */; };
		4C6164CD248FD95D00F31CC0 /* LaunchScreen.storyboard in Resources */ = {isa = PBXBuildFile; fileRef = 4C6164CB248FD95D00F31CC0 /* LaunchScreen.storyboard */; };
		4C6164D8248FD95D00F31CC0 /* RPCalculatorTests.swift in Sources */ = {isa = PBXBuildFile; fileRef = 4C6164D7248FD95D00F31CC0 /* RPCalculatorTests.swift */; };
		4C6164E3248FD95D00F31CC0 /* RPCalculatorUITests.swift in Sources */ = {isa = PBXBuildFile; fileRef = 4C6164E2248FD95D00F31CC0 /* RPCalculatorUITests.swift */; };
/* End PBXBuildFile section */

/* Begin PBXContainerItemProxy section */
		4C6164D4248FD95D00F31CC0 /* PBXContainerItemProxy */ = {
			isa = PBXContainerItemProxy;
			containerPortal = 4C6164B5248FD95C00F31CC0 /* Project object */;
			proxyType = 1;
			remoteGlobalIDString = 4C6164BC248FD95C00F31CC0;
			remoteInfo = RPCalculator;
		};
		4C6164DF248FD95D00F31CC0 /* PBXContainerItemProxy */ = {
			isa = PBXContainerItemProxy;
			containerPortal = 4C6164B5248FD95C00F31CC0 /* Project object */;
			proxyType = 1;
			remoteGlobalIDString = 4C6164BC248FD95C00F31CC0;
			remoteInfo = RPCalculator;
		};
/* End PBXContainerItemProxy section */

/* Begin PBXFileReference section */
		4C6164BD248FD95C00F31CC0 /* RPCalculator.app */ = {isa = PBXFileReference; explicitFileType = wrapper.application; includeInIndex = 0; path = RPCalculator.app; sourceTree = BUILT_PRODUCTS_DIR; };
		4C6164C0248FD95C00F31CC0 /* AppDelegate.swift */ = {isa = PBXFileReference; lastKnownFileType = sourcecode.swift; path = AppDelegate.swift; sourceTree = "<group>"; };
		4C6164C2248FD95C00F31CC0 /* SceneDelegate.swift */ = {isa = PBXFileReference; lastKnownFileType = sourcecode.swift; path = SceneDelegate.swift; sourceTree = "<group>"; };
		4C6164C4248FD95C00F31CC0 /* ViewController.swift */ = {isa = PBXFileReference; lastKnownFileType = sourcecode.swift; path = ViewController.swift; sourceTree = "<group>"; };
		4C6164C7248FD95C00F31CC0 /* Base */ = {isa = PBXFileReference; lastKnownFileType = file.storyboard; name = Base; path = Base.lproj/Main.storyboard; sourceTree = "<group>"; };
		4C6164C9248FD95D00F31CC0 /* Assets.xcassets */ = {isa = PBXFileReference; lastKnownFileType = folder.assetcatalog; path = Assets.xcassets; sourceTree = "<group>"; };
		4C6164CC248FD95D00F31CC0 /* Base */ = {isa = PBXFileReference; lastKnownFileType = file.storyboard; name = Base; path = Base.lproj/LaunchScreen.storyboard; sourceTree = "<group>"; };
		4C6164CE248FD95D00F31CC0 /* Info.plist */ = {isa = PBXFileReference; lastKnownFileType = text.plist.xml; path = Info.plist; sourceTree = "<group>"; };
		4C6164D3248FD95D00F31CC0 /* RPCalculatorTests.xctest */ = {isa = PBXFileReference; explicitFileType = wrapper.cfbundle; includeInIndex = 0; path = RPCalculatorTests.xctest; sourceTree = BUILT_PRODUCTS_DIR; };
		4C6164D7248FD95D00F31CC0 /* RPCalculatorTests.swift */ = {isa = PBXFileReference; lastKnownFileType = sourcecode.swift; path = RPCalculatorTests.swift; sourceTree = "<group>"; };
		4C6164D9248FD95D00F31CC0 /* Info.plist */ = {isa = PBXFileReference; lastKnownFileType = text.plist.xml; path = Info.plist; sourceTree = "<group>"; };
		4C6164DE248FD95D00F31CC0 /* RPCalculatorUITests.xctest */ = {isa = PBXFileReference; explicitFileType = wrapper.cfbundle; includeInIndex = 0; path = RPCalculatorUITests.xctest; sourceTree = BUILT_PRODUCTS_DIR; };
		4C6164E2248FD95D00F31CC0 /* RPCalculatorUITests.swift */ = {isa = PBXFileReference; lastKnownFileType = sourcecode.swift; path = RPCalculatorUITests.swift; sourceTree = "<group>"; };
		4C6164E4248FD95D00F31CC0 /* Info.plist */ = {isa = PBXFileReference; lastKnownFileType = text.plist.xml; path = Info.plist; sourceTree = "<group>"; };
/* End PBXFileReference section */

/* Begin PBXFrameworksBuildPhase section */
		4C6164BA248FD95C00F31CC0 /* Frameworks */ = {
			isa = PBXFrameworksBuildPhase;
			buildActionMask = 2147483647;
			files = (
			);
			runOnlyForDeploymentPostprocessing = 0;
		};
		4C6164D0248FD95D00F31CC0 /* Frameworks */ = {
			isa = PBXFrameworksBuildPhase;
			buildActionMask = 2147483647;
			files = (
			);
			runOnlyForDeploymentPostprocessing = 0;
		};
		4C6164DB248FD95D00F31CC0 /* Frameworks */ = {
			isa = PBXFrameworksBuildPhase;
			buildActionMask = 2147483647;
			files = (
			);
			runOnlyForDeploymentPostprocessing = 0;
		};
/* End PBXFrameworksBuildPhase section */

/* Begin PBXGroup section */
		4C6164B4248FD95C00F31CC0 = {
			isa = PBXGroup;
			children = (
				4C6164BF248FD95C00F31CC0 /* RPCalculator */,
				4C6164D6248FD95D00F31CC0 /* RPCalculatorTests */,
				4C6164E1248FD95D00F31CC0 /* RPCalculatorUITests */,
				4C6164BE248FD95C00F31CC0 /* Products */,
			);
			sourceTree = "<group>";
		};
		4C6164BE248FD95C00F31CC0 /* Products */ = {
			isa = PBXGroup;
			children = (
				4C6164BD248FD95C00F31CC0 /* RPCalculator.app */,
				4C6164D3248FD95D00F31CC0 /* RPCalculatorTests.xctest */,
				4C6164DE248FD95D00F31CC0 /* RPCalculatorUITests.xctest */,
			);
			name = Products;
			sourceTree = "<group>";
		};
		4C6164BF248FD95C00F31CC0 /* RPCalculator */ = {
			isa = PBXGroup;
			children = (
				4C6164C0248FD95C00F31CC0 /* AppDelegate.swift */,
				4C6164C2248FD95C00F31CC0 /* SceneDelegate.swift */,
				4C6164C4248FD95C00F31CC0 /* ViewController.swift */,
				4C6164C6248FD95C00F31CC0 /* Main.storyboard */,
				4C6164C9248FD95D00F31CC0 /* Assets.xcassets */,
				4C6164CB248FD95D00F31CC0 /* LaunchScreen.storyboard */,
				4C6164CE248FD95D00F31CC0 /* Info.plist */,
			);
			path = RPCalculator;
			sourceTree = "<group>";
		};
		4C6164D6248FD95D00F31CC0 /* RPCalculatorTests */ = {
			isa = PBXGroup;
			children = (
				4C6164D7248FD95D00F31CC0 /* RPCalculatorTests.swift */,
				4C6164D9248FD95D00F31CC0 /* Info.plist */,
			);
			path = RPCalculatorTests;
			sourceTree = "<group>";
		};
		4C6164E1248FD95D00F31CC0 /* RPCalculatorUITests */ = {
			isa = PBXGroup;
			children = (
				4C6164E2248FD95D00F31CC0 /* RPCalculatorUITests.swift */,
				4C6164E4248FD95D00F31CC0 /* Info.plist */,
			);
			path = RPCalculatorUITests;
			sourceTree = "<group>";
		};
/* End PBXGroup section */

/* Begin PBXNativeTarget section */
		4C6164BC248FD95C00F31CC0 /* RPCalculator */ = {
			isa = PBXNativeTarget;
			buildConfigurationList = 4C6164E7248FD95D00F31CC0 /* Build configuration list for PBXNativeTarget "RPCalculator" */;
			buildPhases = (
				4C6164B9248FD95C00F31CC0 /* Sources */,
				4C6164BA248FD95C00F31CC0 /* Frameworks */,
				4C6164BB248FD95C00F31CC0 /* Resources */,
			);
			buildRules = (
			);
			dependencies = (
			);
			name = RPCalculator;
			productName = RPCalculator;
			productReference = 4C6164BD248FD95C00F31CC0 /* RPCalculator.app */;
			productType = "com.apple.product-type.application";
		};
		4C6164D2248FD95D00F31CC0 /* RPCalculatorTests */ = {
			isa = PBXNativeTarget;
			buildConfigurationList = 4C6164EA248FD95D00F31CC0 /* Build configuration list for PBXNativeTarget "RPCalculatorTests" */;
			buildPhases = (
				4C6164CF248FD95D00F31CC0 /* Sources */,
				4C6164D0248FD95D00F31CC0 /* Frameworks */,
				4C6164D1248FD95D00F31CC0 /* Resources */,
			);
			buildRules = (
			);
			dependencies = (
				4C6164D5248FD95D00F31CC0 /* PBXTargetDependency */,
			);
			name = RPCalculatorTests;
			productName = RPCalculatorTests;
			productReference = 4C6164D3248FD95D00F31CC0 /* RPCalculatorTests.xctest */;
			productType = "com.apple.product-type.bundle.unit-test";
		};
		4C6164DD248FD95D00F31CC0 /* RPCalculatorUITests */ = {
			isa = PBXNativeTarget;
			buildConfigurationList = 4C6164ED248FD95D00F31CC0 /* Build configuration list for PBXNativeTarget "RPCalculatorUITests" */;
			buildPhases = (
				4C6164DA248FD95D00F31CC0 /* Sources */,
				4C6164DB248FD95D00F31CC0 /* Frameworks */,
				4C6164DC248FD95D00F31CC0 /* Resources */,
			);
			buildRules = (
			);
			dependencies = (
				4C6164E0248FD95D00F31CC0 /* PBXTargetDependency */,
			);
			name = RPCalculatorUITests;
			productName = RPCalculatorUITests;
			productReference = 4C6164DE248FD95D00F31CC0 /* RPCalculatorUITests.xctest */;
			productType = "com.apple.product-type.bundle.ui-testing";
		};
/* End PBXNativeTarget section */

/* Begin PBXProject section */
		4C6164B5248FD95C00F31CC0 /* Project object */ = {
			isa = PBXProject;
			attributes = {
				LastSwiftUpdateCheck = 1150;
				LastUpgradeCheck = 1150;
				ORGANIZATIONNAME = SingularBro;
				TargetAttributes = {
					4C6164BC248FD95C00F31CC0 = {
						CreatedOnToolsVersion = 11.5;
					};
					4C6164D2248FD95D00F31CC0 = {
						CreatedOnToolsVersion = 11.5;
						TestTargetID = 4C6164BC248FD95C00F31CC0;
					};
					4C6164DD248FD95D00F31CC0 = {
						CreatedOnToolsVersion = 11.5;
						TestTargetID = 4C6164BC248FD95C00F31CC0;
					};
				};
			};
			buildConfigurationList = 4C6164B8248FD95C00F31CC0 /* Build configuration list for PBXProject "RPCalculator" */;
			compatibilityVersion = "Xcode 9.3";
			developmentRegion = en;
			hasScannedForEncodings = 0;
			knownRegions = (
				en,
				Base,
			);
			mainGroup = 4C6164B4248FD95C00F31CC0;
			productRefGroup = 4C6164BE248FD95C00F31CC0 /* Products */;
			projectDirPath = "";
			projectRoot = "";
			targets = (
				4C6164BC248FD95C00F31CC0 /* RPCalculator */,
				4C6164D2248FD95D00F31CC0 /* RPCalculatorTests */,
				4C6164DD248FD95D00F31CC0 /* RPCalculatorUITests */,
			);
		};
/* End PBXProject section */

/* Begin PBXResourcesBuildPhase section */
		4C6164BB248FD95C00F31CC0 /* Resources */ = {
			isa = PBXResourcesBuildPhase;
			buildActionMask = 2147483647;
			files = (
				4C6164CD248FD95D00F31CC0 /* LaunchScreen.storyboard in Resources */,
				4C6164CA248FD95D00F31CC0 /* Assets.xcassets in Resources */,
				4C6164C8248FD95C00F31CC0 /* Main.storyboard in Resources */,
			);
			runOnlyForDeploymentPostprocessing = 0;
		};
		4C6164D1248FD95D00F31CC0 /* Resources */ = {
			isa = PBXResourcesBuildPhase;
			buildActionMask = 2147483647;
			files = (
			);
			runOnlyForDeploymentPostprocessing = 0;
		};
		4C6164DC248FD95D00F31CC0 /* Resources */ = {
			isa = PBXResourcesBuildPhase;
			buildActionMask = 2147483647;
			files = (
			);
			runOnlyForDeploymentPostprocessing = 0;
		};
/* End PBXResourcesBuildPhase section */

/* Begin PBXSourcesBuildPhase section */
		4C6164B9248FD95C00F31CC0 /* Sources */ = {
			isa = PBXSourcesBuildPhase;
			buildActionMask = 2147483647;
			files = (
				4C6164C5248FD95C00F31CC0 /* ViewController.swift in Sources */,
				4C6164C1248FD95C00F31CC0 /* AppDelegate.swift in Sources */,
				4C6164C3248FD95C00F31CC0 /* SceneDelegate.swift in Sources */,
			);
			runOnlyForDeploymentPostprocessing = 0;
		};
		4C6164CF248FD95D00F31CC0 /* Sources */ = {
			isa = PBXSourcesBuildPhase;
			buildActionMask = 2147483647;
			files = (
				4C6164D8248FD95D00F31CC0 /* RPCalculatorTests.swift in Sources */,
			);
			runOnlyForDeploymentPostprocessing = 0;
		};
		4C6164DA248FD95D00F31CC0 /* Sources */ = {
			isa = PBXSourcesBuildPhase;
			buildActionMask = 2147483647;
			files = (
				4C6164E3248FD95D00F31CC0 /* RPCalculatorUITests.swift in Sources */,
			);
			runOnlyForDeploymentPostprocessing = 0;
		};
/* End PBXSourcesBuildPhase section */

/* Begin PBXTargetDependency section */
		4C6164D5248FD95D00F31CC0 /* PBXTargetDependency */ = {
			isa = PBXTargetDependency;
			target = 4C6164BC248FD95C00F31CC0 /* RPCalculator */;
			targetProxy = 4C6164D4248FD95D00F31CC0 /* PBXContainerItemProxy */;
		};
		4C6164E0248FD95D00F31CC0 /* PBXTargetDependency */ = {
			isa = PBXTargetDependency;
			target = 4C6164BC248FD95C00F31CC0 /* RPCalculator */;
			targetProxy = 4C6164DF248FD95D00F31CC0 /* PBXContainerItemProxy */;
		};
/* End PBXTargetDependency section */

/* Begin PBXVariantGroup section */
		4C6164C6248FD95C00F31CC0 /* Main.storyboard */ = {
			isa = PBXVariantGroup;
			children = (
				4C6164C7248FD95C00F31CC0 /* Base */,
			);
			name = Main.storyboard;
			sourceTree = "<group>";
		};
		4C6164CB248FD95D00F31CC0 /* LaunchScreen.storyboard */ = {
			isa = PBXVariantGroup;
			children = (
				4C6164CC248FD95D00F31CC0 /* Base */,
			);
			name = LaunchScreen.storyboard;
			sourceTree = "<group>";
		};
/* End PBXVariantGroup section */

/* Begin XCBuildConfiguration section */
		4C6164E5248FD95D00F31CC0 /* Debug */ = {
			isa = XCBuildConfiguration;
			buildSettings = {
				ALWAYS_SEARCH_USER_PATHS = NO;
				CLANG_ANALYZER_NONNULL = YES;
				CLANG_ANALYZER_NUMBER_OBJECT_CONVERSION = YES_AGGRESSIVE;
				CLANG_CXX_LANGUAGE_STANDARD = "gnu++14";
				CLANG_CXX_LIBRARY = "libc++";
				CLANG_ENABLE_MODULES = YES;
				CLANG_ENABLE_OBJC_ARC = YES;
				CLANG_ENABLE_OBJC_WEAK = YES;
				CLANG_WARN_BLOCK_CAPTURE_AUTORELEASING = YES;
				CLANG_WARN_BOOL_CONVERSION = YES;
				CLANG_WARN_COMMA = YES;
				CLANG_WARN_CONSTANT_CONVERSION = YES;
				CLANG_WARN_DEPRECATED_OBJC_IMPLEMENTATIONS = YES;
				CLANG_WARN_DIRECT_OBJC_ISA_USAGE = YES_ERROR;
				CLANG_WARN_DOCUMENTATION_COMMENTS = YES;
				CLANG_WARN_EMPTY_BODY = YES;
				CLANG_WARN_ENUM_CONVERSION = YES;
				CLANG_WARN_INFINITE_RECURSION = YES;
				CLANG_WARN_INT_CONVERSION = YES;
				CLANG_WARN_NON_LITERAL_NULL_CONVERSION = YES;
				CLANG_WARN_OBJC_IMPLICIT_RETAIN_SELF = YES;
				CLANG_WARN_OBJC_LITERAL_CONVERSION = YES;
				CLANG_WARN_OBJC_ROOT_CLASS = YES_ERROR;
				CLANG_WARN_RANGE_LOOP_ANALYSIS = YES;
				CLANG_WARN_STRICT_PROTOTYPES = YES;
				CLANG_WARN_SUSPICIOUS_MOVE = YES;
				CLANG_WARN_UNGUARDED_AVAILABILITY = YES_AGGRESSIVE;
				CLANG_WARN_UNREACHABLE_CODE = YES;
				CLANG_WARN__DUPLICATE_METHOD_MATCH = YES;
				COPY_PHASE_STRIP = NO;
				DEBUG_INFORMATION_FORMAT = dwarf;
				ENABLE_STRICT_OBJC_MSGSEND = YES;
				ENABLE_TESTABILITY = YES;
				GCC_C_LANGUAGE_STANDARD = gnu11;
				GCC_DYNAMIC_NO_PIC = NO;
				GCC_NO_COMMON_BLOCKS = YES;
				GCC_OPTIMIZATION_LEVEL = 0;
				GCC_PREPROCESSOR_DEFINITIONS = (
					"DEBUG=1",
					"$(inherited)",
				);
				GCC_WARN_64_TO_32_BIT_CONVERSION = YES;
				GCC_WARN_ABOUT_RETURN_TYPE = YES_ERROR;
				GCC_WARN_UNDECLARED_SELECTOR = YES;
				GCC_WARN_UNINITIALIZED_AUTOS = YES_AGGRESSIVE;
				GCC_WARN_UNUSED_FUNCTION = YES;
				GCC_WARN_UNUSED_VARIABLE = YES;
				IPHONEOS_DEPLOYMENT_TARGET = 13.5;
				MTL_ENABLE_DEBUG_INFO = INCLUDE_SOURCE;
				MTL_FAST_MATH = YES;
				ONLY_ACTIVE_ARCH = YES;
				SDKROOT = iphoneos;
				SWIFT_ACTIVE_COMPILATION_CONDITIONS = DEBUG;
				SWIFT_OPTIMIZATION_LEVEL = "-Onone";
			};
			name = Debug;
		};
		4C6164E6248FD95D00F31CC0 /* Release */ = {
			isa = XCBuildConfiguration;
			buildSettings = {
				ALWAYS_SEARCH_USER_PATHS = NO;
				CLANG_ANALYZER_NONNULL = YES;
				CLANG_ANALYZER_NUMBER_OBJECT_CONVERSION = YES_AGGRESSIVE;
				CLANG_CXX_LANGUAGE_STANDARD = "gnu++14";
				CLANG_CXX_LIBRARY = "libc++";
				CLANG_ENABLE_MODULES = YES;
				CLANG_ENABLE_OBJC_ARC = YES;
				CLANG_ENABLE_OBJC_WEAK = YES;
				CLANG_WARN_BLOCK_CAPTURE_AUTORELEASING = YES;
				CLANG_WARN_BOOL_CONVERSION = YES;
				CLANG_WARN_COMMA = YES;
				CLANG_WARN_CONSTANT_CONVERSION = YES;
				CLANG_WARN_DEPRECATED_OBJC_IMPLEMENTATIONS = YES;
				CLANG_WARN_DIRECT_OBJC_ISA_USAGE = YES_ERROR;
				CLANG_WARN_DOCUMENTATION_COMMENTS = YES;
				CLANG_WARN_EMPTY_BODY = YES;
				CLANG_WARN_ENUM_CONVERSION = YES;
				CLANG_WARN_INFINITE_RECURSION = YES;
				CLANG_WARN_INT_CONVERSION = YES;
				CLANG_WARN_NON_LITERAL_NULL_CONVERSION = YES;
				CLANG_WARN_OBJC_IMPLICIT_RETAIN_SELF = YES;
				CLANG_WARN_OBJC_LITERAL_CONVERSION = YES;
				CLANG_WARN_OBJC_ROOT_CLASS = YES_ERROR;
				CLANG_WARN_RANGE_LOOP_ANALYSIS = YES;
				CLANG_WARN_STRICT_PROTOTYPES = YES;
				CLANG_WARN_SUSPICIOUS_MOVE = YES;
				CLANG_WARN_UNGUARDED_AVAILABILITY = YES_AGGRESSIVE;
				CLANG_WARN_UNREACHABLE_CODE = YES;
				CLANG_WARN__DUPLICATE_METHOD_MATCH = YES;
				COPY_PHASE_STRIP = NO;
				DEBUG_INFORMATION_FORMAT = "dwarf-with-dsym";
				ENABLE_NS_ASSERTIONS = NO;
				ENABLE_STRICT_OBJC_MSGSEND = YES;
				GCC_C_LANGUAGE_STANDARD = gnu11;
				GCC_NO_COMMON_BLOCKS = YES;
				GCC_WARN_64_TO_32_BIT_CONVERSION = YES;
				GCC_WARN_ABOUT_RETURN_TYPE = YES_ERROR;
				GCC_WARN_UNDECLARED_SELECTOR = YES;
				GCC_WARN_UNINITIALIZED_AUTOS = YES_AGGRESSIVE;
				GCC_WARN_UNUSED_FUNCTION = YES;
				GCC_WARN_UNUSED_VARIABLE = YES;
				IPHONEOS_DEPLOYMENT_TARGET = 13.5;
				MTL_ENABLE_DEBUG_INFO = NO;
				MTL_FAST_MATH = YES;
				SDKROOT = iphoneos;
				SWIFT_COMPILATION_MODE = wholemodule;
				SWIFT_OPTIMIZATION_LEVEL = "-O";
				VALIDATE_PRODUCT = YES;
			};
			name = Release;
		};
		4C6164E8248FD95D00F31CC0 /* Debug */ = {
			isa = XCBuildConfiguration;
			buildSettings = {
				ASSETCATALOG_COMPILER_APPICON_NAME = AppIcon;
				CODE_SIGN_STYLE = Automatic;
				INFOPLIST_FILE = RPCalculator/Info.plist;
				LD_RUNPATH_SEARCH_PATHS = (
					"$(inherited)",
					"@executable_path/Frameworks",
				);
				PRODUCT_BUNDLE_IDENTIFIER = com.HDunlop.RPCalculator;
				PRODUCT_NAME = "$(TARGET_NAME)";
				SWIFT_VERSION = 5.0;
				TARGETED_DEVICE_FAMILY = "1,2";
			};
			name = Debug;
		};
		4C6164E9248FD95D00F31CC0 /* Release */ = {
			isa = XCBuildConfiguration;
			buildSettings = {
				ASSETCATALOG_COMPILER_APPICON_NAME = AppIcon;
				CODE_SIGN_STYLE = Automatic;
				INFOPLIST_FILE = RPCalculator/Info.plist;
				LD_RUNPATH_SEARCH_PATHS = (
					"$(inherited)",
					"@executable_path/Frameworks",
				);
				PRODUCT_BUNDLE_IDENTIFIER = com.HDunlop.RPCalculator;
				PRODUCT_NAME = "$(TARGET_NAME)";
				SWIFT_VERSION = 5.0;
				TARGETED_DEVICE_FAMILY = "1,2";
			};
			name = Release;
		};
		4C6164EB248FD95D00F31CC0 /* Debug */ = {
			isa = XCBuildConfiguration;
			buildSettings = {
				ALWAYS_EMBED_SWIFT_STANDARD_LIBRARIES = YES;
				BUNDLE_LOADER = "$(TEST_HOST)";
				CODE_SIGN_STYLE = Automatic;
				INFOPLIST_FILE = RPCalculatorTests/Info.plist;
				IPHONEOS_DEPLOYMENT_TARGET = 13.5;
				LD_RUNPATH_SEARCH_PATHS = (
					"$(inherited)",
					"@executable_path/Frameworks",
					"@loader_path/Frameworks",
				);
				PRODUCT_BUNDLE_IDENTIFIER = com.HDunlop.RPCalculatorTests;
				PRODUCT_NAME = "$(TARGET_NAME)";
				SWIFT_VERSION = 5.0;
				TARGETED_DEVICE_FAMILY = "1,2";
				TEST_HOST = "$(BUILT_PRODUCTS_DIR)/RPCalculator.app/RPCalculator";
			};
			name = Debug;
		};
		4C6164EC248FD95D00F31CC0 /* Release */ = {
			isa = XCBuildConfiguration;
			buildSettings = {
				ALWAYS_EMBED_SWIFT_STANDARD_LIBRARIES = YES;
				BUNDLE_LOADER = "$(TEST_HOST)";
				CODE_SIGN_STYLE = Automatic;
				INFOPLIST_FILE = RPCalculatorTests/Info.plist;
				IPHONEOS_DEPLOYMENT_TARGET = 13.5;
				LD_RUNPATH_SEARCH_PATHS = (
					"$(inherited)",
					"@executable_path/Frameworks",
					"@loader_path/Frameworks",
				);
				PRODUCT_BUNDLE_IDENTIFIER = com.HDunlop.RPCalculatorTests;
				PRODUCT_NAME = "$(TARGET_NAME)";
				SWIFT_VERSION = 5.0;
				TARGETED_DEVICE_FAMILY = "1,2";
				TEST_HOST = "$(BUILT_PRODUCTS_DIR)/RPCalculator.app/RPCalculator";
			};
			name = Release;
		};
		4C6164EE248FD95D00F31CC0 /* Debug */ = {
			isa = XCBuildConfiguration;
			buildSettings = {
				ALWAYS_EMBED_SWIFT_STANDARD_LIBRARIES = YES;
				CODE_SIGN_STYLE = Automatic;
				INFOPLIST_FILE = RPCalculatorUITests/Info.plist;
				LD_RUNPATH_SEARCH_PATHS = (
					"$(inherited)",
					"@executable_path/Frameworks",
					"@loader_path/Frameworks",
				);
				PRODUCT_BUNDLE_IDENTIFIER = com.HDunlop.RPCalculatorUITests;
				PRODUCT_NAME = "$(TARGET_NAME)";
				SWIFT_VERSION = 5.0;
				TARGETED_DEVICE_FAMILY = "1,2";
				TEST_TARGET_NAME = RPCalculator;
			};
			name = Debug;
		};
		4C6164EF248FD95D00F31CC0 /* Release */ = {
			isa = XCBuildConfiguration;
			buildSettings = {
				ALWAYS_EMBED_SWIFT_STANDARD_LIBRARIES = YES;
				CODE_SIGN_STYLE = Automatic;
				INFOPLIST_FILE = RPCalculatorUITests/Info.plist;
				LD_RUNPATH_SEARCH_PATHS = (
					"$(inherited)",
					"@executable_path/Frameworks",
					"@loader_path/Frameworks",
				);
				PRODUCT_BUNDLE_IDENTIFIER = com.HDunlop.RPCalculatorUITests;
				PRODUCT_NAME = "$(TARGET_NAME)";
				SWIFT_VERSION = 5.0;
				TARGETED_DEVICE_FAMILY = "1,2";
				TEST_TARGET_NAME = RPCalculator;
			};
			name = Release;
		};
/* End XCBuildConfiguration section */

/* Begin XCConfigurationList section */
		4C6164B8248FD95C00F31CC0 /* Build configuration list for PBXProject "RPCalculator" */ = {
			isa = XCConfigurationList;
			buildConfigurations = (
				4C6164E5248FD95D00F31CC0 /* Debug */,
				4C6164E6248FD95D00F31CC0 /* Release */,
			);
			defaultConfigurationIsVisible = 0;
			defaultConfigurationName = Release;
		};
		4C6164E7248FD95D00F31CC0 /* Build configuration list for PBXNativeTarget "RPCalculator" */ = {
			isa = XCConfigurationList;
			buildConfigurations = (
				4C6164E8248FD95D00F31CC0 /* Debug */,
				4C6164E9248FD95D00F31CC0 /* Release */,
			);
			defaultConfigurationIsVisible = 0;
			defaultConfigurationName = Release;
		};
		4C6164EA248FD95D00F31CC0 /* Build configuration list for PBXNativeTarget "RPCalculatorTests" */ = {
			isa = XCConfigurationList;
			buildConfigurations = (
				4C6164EB248FD95D00F31CC0 /* Debug */,
				4C6164EC248FD95D00F31CC0 /* Release */,
			);
			defaultConfigurationIsVisible = 0;
			defaultConfigurationName = Release;
		};
		4C6164ED248FD95D00F31CC0 /* Build configuration list for PBXNativeTarget "RPCalculatorUITests" */ = {
			isa = XCConfigurationList;
			buildConfigurations = (
				4C6164EE248FD95D00F31CC0 /* Debug */,
				4C6164EF248FD95D00F31CC0 /* Release */,
			);
			defaultConfigurationIsVisible = 0;
			defaultConfigurationName = Release;
		};
/* End XCConfigurationList section */
	};
	rootObject = 4C6164B5248FD95C00F31CC0 /* Project object */;
}
